
Microsoft Visual Studio Solution File, Format Version 12.00
# Visual Studio Version 16
VisualStudioVersion = 16.0.31313.79
MinimumVisualStudioVersion = 10.0.40219.1
Project("{8BC9CEB8-8B4A-11D0-8D11-00A0C91BC942}") = "E-system", "E-system\E-system.vcxproj", "{A3F7EABB-61F5-4403-A9E5-95F37E29B0AD}"
EndProject
Global
	GlobalSection(SolutionConfigurationPlatforms) = preSolution
		Debug|x64 = Debug|x64
		Debug|x86 = Debug|x86
		Release|x64 = Release|x64
		Release|x86 = Release|x86
	EndGlobalSection
	GlobalSection(ProjectConfigurationPlatforms) = postSolution
		{A3F7EABB-61F5-4403-A9E5-95F37E29B0AD}.Debug|x64.ActiveCfg = Debug|x64
		{A3F7EABB-61F5-4403-A9E5-95F37E29B0AD}.Debug|x64.Build.0 = Debug|x64
		{A3F7EABB-61F5-4403-A9E5-95F37E29B0AD}.Debug|x86.ActiveCfg = Debug|Win32
		{A3F7EABB-61F5-4403-A9E5-95F37E29B0AD}.Debug|x86.Build.0 = Debug|Win32
		{A3F7EABB-61F5-4403-A9E5-95F37E29B0AD}.Release|x64.ActiveCfg = Release|x64
		{A3F7EABB-61F5-4403-A9E5-95F37E29B0AD}.Release|x64.Build.0 = Release|x64
		{A3F7EABB-61F5-4403-A9E5-95F37E29B0AD}.Release|x86.ActiveCfg = Release|Win32
		{A3F7EABB-61F5-4403-A9E5-95F37E29B0AD}.Release|x86.Build.0 = Release|Win32
	EndGlobalSection
	GlobalSection(SolutionProperties) = preSolution
		HideSolutionNode = FALSE
	EndGlobalSection
	GlobalSection(ExtensibilityGlobals) = postSolution
		SolutionGuid = {F6692147-F7BA-4BCE-B982-D0F3A976A007}
	EndGlobalSection
EndGlobal
